PODS:
  - Bolts/Tasks (1.9.0)
  - Parse (1.17.1):
    - Parse/Core (= 1.17.1)
  - Parse/Core (1.17.1):
    - Bolts/Tasks (~> 1.9)
  - Stripe (13.0.3)

DEPENDENCIES:
  - Parse
  - Stripe

SPEC REPOS:
  https://github.com/cocoapods/specs.git:
    - Bolts
    - Parse
    - Stripe

SPEC CHECKSUMS:
  Bolts: ac6567323eac61e203f6a9763667d0f711be34c8
  Parse: d3edaf8c7c722cb33cb83ba7821d015ae32d362d
  Stripe: 76c203e21555089b708e6cbe972a3e3baf1ab4d8

PODFILE CHECKSUM: 14b88f551915aa4283692bb5acaba77bcc3e6d31

COCOAPODS: 1.5.3
